{
    "version": 3,
    "terraform_version": "0.12.29",
    "serial": 1,
    "lineage": "36da2b56-c4a4-900e-d704-5f8a5f3eeb15",
    "modules": [
        {
            "path": [
                "root"
            ],
            "outputs": {
                "aws_iam_policy_tfer--APIGatewayToSQSPolicy_id": {
                    "sensitive": false,
                    "type": "string",
                    "value": "arn:aws:iam::941377157937:policy/APIGatewayToSQSPolicy"
                },
                "aws_iam_policy_tfer--DynamoUpdateItem_id": {
                    "sensitive": false,
                    "type": "string",
                    "value": "arn:aws:iam::941377157937:policy/DynamoUpdateItem"
                },
                "aws_iam_policy_tfer--InvokeFunction_id": {
                    "sensitive": false,
                    "type": "string",
                    "value": "arn:aws:iam::941377157937:policy/InvokeFunction"
                },
                "aws_iam_policy_tfer--S3ListAndGet_id": {
                    "sensitive": false,
                    "type": "string",
                    "value": "arn:aws:iam::941377157937:policy/S3ListAndGet"
                },
                "aws_iam_policy_tfer--S3Put_id": {
                    "sensitive": false,
                    "type": "string",
                    "value": "arn:aws:iam::941377157937:policy/S3Put"
                },
                "aws_iam_policy_tfer--SQSReceiveAndDelete_id": {
                    "sensitive": false,
                    "type": "string",
                    "value": "arn:aws:iam::941377157937:policy/SQSReceiveAndDelete"
                },
                "aws_iam_policy_tfer--SQSSendMessage_id": {
                    "sensitive": false,
                    "type": "string",
                    "value": "arn:aws:iam::941377157937:policy/SQSSendMessage"
                },
                "aws_iam_policy_tfer--analysis-002D-lambda-002D-policy_id": {
                    "sensitive": false,
                    "type": "string",
                    "value": "arn:aws:iam::941377157937:policy/analysis-lambda-policy"
                },
                "aws_iam_policy_tfer--lambda-002D-s3-002D-sqs-002D-dynamodb-002D-role_id": {
                    "sensitive": false,
                    "type": "string",
                    "value": "arn:aws:iam::941377157937:policy/lambda-s3-sqs-dynamodb-role"
                },
                "aws_iam_role_policy_attachment_tfer--APIGatewaySQSInvokerRole_APIGatewayToSQSPolicy_id": {
                    "sensitive": false,
                    "type": "string",
                    "value": "APIGatewaySQSInvokerRole/arn:aws:iam::941377157937:policy/APIGatewayToSQSPolicy"
                },
                "aws_iam_role_policy_attachment_tfer--APIGatewaySQSInvokerRole_AmazonAPIGatewayPushToCloudWatchLogs_id": {
                    "sensitive": false,
                    "type": "string",
                    "value": "APIGatewaySQSInvokerRole/arn:aws:iam::aws:policy/service-role/AmazonAPIGatewayPushToCloudWatchLogs"
                },
                "aws_iam_role_policy_attachment_tfer--AWSServiceRoleForAPIGateway_APIGatewayServiceRolePolicy_id": {
                    "sensitive": false,
                    "type": "string",
                    "value": "AWSServiceRoleForAPIGateway/arn:aws:iam::aws:policy/aws-service-role/APIGatewayServiceRolePolicy"
                },
                "aws_iam_role_policy_attachment_tfer--AWSServiceRoleForApplicationAutoScaling_DynamoDBTable_AWSApplicationAutoscalingDynamoDBTablePolicy_id": {
                    "sensitive": false,
                    "type": "string",
                    "value": "AWSServiceRoleForApplicationAutoScaling_DynamoDBTable/arn:aws:iam::aws:policy/aws-service-role/AWSApplicationAutoscalingDynamoDBTablePolicy"
                },
                "aws_iam_role_policy_attachment_tfer--AWSServiceRoleForSupport_AWSSupportServiceRolePolicy_id": {
                    "sensitive": false,
                    "type": "string",
                    "value": "AWSServiceRoleForSupport/arn:aws:iam::aws:policy/aws-service-role/AWSSupportServiceRolePolicy"
                },
                "aws_iam_role_policy_attachment_tfer--AWSServiceRoleForTrustedAdvisor_AWSTrustedAdvisorServiceRolePolicy_id": {
                    "sensitive": false,
                    "type": "string",
                    "value": "AWSServiceRoleForTrustedAdvisor/arn:aws:iam::aws:policy/aws-service-role/AWSTrustedAdvisorServiceRolePolicy"
                },
                "aws_iam_role_policy_attachment_tfer--ApiRequestLambdaRole_InvokeFunction_id": {
                    "sensitive": false,
                    "type": "string",
                    "value": "ApiRequestLambdaRole/arn:aws:iam::941377157937:policy/InvokeFunction"
                },
                "aws_iam_role_policy_attachment_tfer--LambdaScraperAnalysisRole_DynamoUpdateItem_id": {
                    "sensitive": false,
                    "type": "string",
                    "value": "LambdaScraperAnalysisRole/arn:aws:iam::941377157937:policy/DynamoUpdateItem"
                },
                "aws_iam_role_policy_attachment_tfer--LambdaScraperAnalysisRole_S3ListAndGet_id": {
                    "sensitive": false,
                    "type": "string",
                    "value": "LambdaScraperAnalysisRole/arn:aws:iam::941377157937:policy/S3ListAndGet"
                },
                "aws_iam_role_policy_attachment_tfer--LambdaScraperAnalysisRole_SQSReceiveAndDelete_id": {
                    "sensitive": false,
                    "type": "string",
                    "value": "LambdaScraperAnalysisRole/arn:aws:iam::941377157937:policy/SQSReceiveAndDelete"
                },
                "aws_iam_role_policy_attachment_tfer--LambdaScraperRole_DynamoUpdateItem_id": {
                    "sensitive": false,
                    "type": "string",
                    "value": "LambdaScraperRole/arn:aws:iam::941377157937:policy/DynamoUpdateItem"
                },
                "aws_iam_role_policy_attachment_tfer--LambdaScraperRole_S3Put_id": {
                    "sensitive": false,
                    "type": "string",
                    "value": "LambdaScraperRole/arn:aws:iam::941377157937:policy/S3Put"
                },
                "aws_iam_role_policy_attachment_tfer--LambdaScraperRole_SQSSendMessage_id": {
                    "sensitive": false,
                    "type": "string",
                    "value": "LambdaScraperRole/arn:aws:iam::941377157937:policy/SQSSendMessage"
                },
                "aws_iam_role_policy_attachment_tfer--analysis-002D-lambda-002D-role_analysis-002D-lambda-002D-policy_id": {
                    "sensitive": false,
                    "type": "string",
                    "value": "analysis-lambda-role/arn:aws:iam::941377157937:policy/analysis-lambda-policy"
                },
                "aws_iam_role_policy_attachment_tfer--lambda-002D-s3-002D-sqs-002D-dynamodb-002D-role_lambda-002D-s3-002D-sqs-002D-dynamodb-002D-role_id": {
                    "sensitive": false,
                    "type": "string",
                    "value": "lambda-s3-sqs-dynamodb-role/arn:aws:iam::941377157937:policy/lambda-s3-sqs-dynamodb-role"
                },
                "aws_iam_role_policy_attachment_tfer--lambda-002D-scraper-002D-role_AmazonS3FullAccess_id": {
                    "sensitive": false,
                    "type": "string",
                    "value": "lambda-scraper-role/arn:aws:iam::aws:policy/AmazonS3FullAccess"
                },
                "aws_iam_role_policy_attachment_tfer--lambda-002D-scraper-002D-role_AmazonSQSFullAccess_id": {
                    "sensitive": false,
                    "type": "string",
                    "value": "lambda-scraper-role/arn:aws:iam::aws:policy/AmazonSQSFullAccess"
                },
                "aws_iam_role_policy_tfer--ApiRequestLambdaRole_Dynamo-002D-CreateEmptyAndTable_id": {
                    "sensitive": false,
                    "type": "string",
                    "value": "ApiRequestLambdaRole:Dynamo-CreateEmptyAndTable"
                },
                "aws_iam_role_policy_tfer--lambda-002D-InvokeFunction_DynamoAllTest_id": {
                    "sensitive": false,
                    "type": "string",
                    "value": "lambda-InvokeFunction:DynamoAllTest"
                },
                "aws_iam_role_policy_tfer--lambda-002D-InvokeFunction_lambdaAll_id": {
                    "sensitive": false,
                    "type": "string",
                    "value": "lambda-InvokeFunction:lambdaAll"
                },
                "aws_iam_role_tfer--APIGatewaySQSInvokerRole_id": {
                    "sensitive": false,
                    "type": "string",
                    "value": "APIGatewaySQSInvokerRole"
                },
                "aws_iam_role_tfer--AWSServiceRoleForAPIGateway_id": {
                    "sensitive": false,
                    "type": "string",
                    "value": "AWSServiceRoleForAPIGateway"
                },
                "aws_iam_role_tfer--AWSServiceRoleForApplicationAutoScaling_DynamoDBTable_id": {
                    "sensitive": false,
                    "type": "string",
                    "value": "AWSServiceRoleForApplicationAutoScaling_DynamoDBTable"
                },
                "aws_iam_role_tfer--AWSServiceRoleForSupport_id": {
                    "sensitive": false,
                    "type": "string",
                    "value": "AWSServiceRoleForSupport"
                },
                "aws_iam_role_tfer--AWSServiceRoleForTrustedAdvisor_id": {
                    "sensitive": false,
                    "type": "string",
                    "value": "AWSServiceRoleForTrustedAdvisor"
                },
                "aws_iam_role_tfer--ApiRequestLambdaRole_id": {
                    "sensitive": false,
                    "type": "string",
                    "value": "ApiRequestLambdaRole"
                },
                "aws_iam_role_tfer--LambdaScraperAnalysisRole_id": {
                    "sensitive": false,
                    "type": "string",
                    "value": "LambdaScraperAnalysisRole"
                },
                "aws_iam_role_tfer--LambdaScraperRole_id": {
                    "sensitive": false,
                    "type": "string",
                    "value": "LambdaScraperRole"
                },
                "aws_iam_role_tfer--analysis-002D-lambda-002D-role_id": {
                    "sensitive": false,
                    "type": "string",
                    "value": "analysis-lambda-role"
                },
                "aws_iam_role_tfer--lambda-002D-InvokeFunction_id": {
                    "sensitive": false,
                    "type": "string",
                    "value": "lambda-InvokeFunction"
                },
                "aws_iam_role_tfer--lambda-002D-s3-002D-sqs-002D-dynamodb-002D-role_id": {
                    "sensitive": false,
                    "type": "string",
                    "value": "lambda-s3-sqs-dynamodb-role"
                },
                "aws_iam_role_tfer--lambda-002D-scraper-002D-role_id": {
                    "sensitive": false,
                    "type": "string",
                    "value": "lambda-scraper-role"
                }
            },
            "resources": {
                "aws_iam_policy.tfer--APIGatewayToSQSPolicy": {
                    "type": "aws_iam_policy",
                    "depends_on": [],
                    "primary": {
                        "id": "arn:aws:iam::941377157937:policy/APIGatewayToSQSPolicy",
                        "attributes": {
                            "arn": "arn:aws:iam::941377157937:policy/APIGatewayToSQSPolicy",
                            "attachment_count": "1",
                            "description": "POC Scraper Policy",
                            "id": "arn:aws:iam::941377157937:policy/APIGatewayToSQSPolicy",
                            "name": "APIGatewayToSQSPolicy",
                            "name_prefix": "",
                            "path": "/",
                            "policy": "{\"Statement\":[{\"Action\":\"sqs:SendMessage\",\"Effect\":\"Allow\",\"Resource\":\"arn:aws:sqs:eu-north-1:941377157937:scraper-job-queue\",\"Sid\":\"VisualEditor0\"}],\"Version\":\"2012-10-17\"}",
                            "policy_id": "ANPA5WLTTPMY3U7QJ6JD6",
                            "tags.%": "0",
                            "tags_all.%": "0"
                        },
                        "meta": {
                            "schema_version": 0
                        },
                        "tainted": false
                    },
                    "deposed": [],
                    "provider": "provider.aws"
                },
                "aws_iam_policy.tfer--DynamoUpdateItem": {
                    "type": "aws_iam_policy",
                    "depends_on": [],
                    "primary": {
                        "id": "arn:aws:iam::941377157937:policy/DynamoUpdateItem",
                        "attributes": {
                            "arn": "arn:aws:iam::941377157937:policy/DynamoUpdateItem",
                            "attachment_count": "2",
                            "description": "",
                            "id": "arn:aws:iam::941377157937:policy/DynamoUpdateItem",
                            "name": "DynamoUpdateItem",
                            "name_prefix": "",
                            "path": "/",
                            "policy": "{\"Statement\":[{\"Action\":\"dynamodb:UpdateItem\",\"Effect\":\"Allow\",\"Resource\":\"*\",\"Sid\":\"VisualEditor0\"}],\"Version\":\"2012-10-17\"}",
                            "policy_id": "ANPA5WLTTPMY3IUANIN5P",
                            "tags.%": "0",
                            "tags_all.%": "0"
                        },
                        "meta": {
                            "schema_version": 0
                        },
                        "tainted": false
                    },
                    "deposed": [],
                    "provider": "provider.aws"
                },
                "aws_iam_policy.tfer--InvokeFunction": {
                    "type": "aws_iam_policy",
                    "depends_on": [],
                    "primary": {
                        "id": "arn:aws:iam::941377157937:policy/InvokeFunction",
                        "attributes": {
                            "arn": "arn:aws:iam::941377157937:policy/InvokeFunction",
                            "attachment_count": "1",
                            "description": "",
                            "id": "arn:aws:iam::941377157937:policy/InvokeFunction",
                            "name": "InvokeFunction",
                            "name_prefix": "",
                            "path": "/",
                            "policy": "{\"Statement\":[{\"Action\":[\"lambda:InvokeFunction\",\"lambda:InvokeAsync\"],\"Effect\":\"Allow\",\"Resource\":\"*\",\"Sid\":\"VisualEditor0\"}],\"Version\":\"2012-10-17\"}",
                            "policy_id": "ANPA5WLTTPMYZAJULBE7Z",
                            "tags.%": "0",
                            "tags_all.%": "0"
                        },
                        "meta": {
                            "schema_version": 0
                        },
                        "tainted": false
                    },
                    "deposed": [],
                    "provider": "provider.aws"
                },
                "aws_iam_policy.tfer--S3ListAndGet": {
                    "type": "aws_iam_policy",
                    "depends_on": [],
                    "primary": {
                        "id": "arn:aws:iam::941377157937:policy/S3ListAndGet",
                        "attributes": {
                            "arn": "arn:aws:iam::941377157937:policy/S3ListAndGet",
                            "attachment_count": "1",
                            "description": "",
                            "id": "arn:aws:iam::941377157937:policy/S3ListAndGet",
                            "name": "S3ListAndGet",
                            "name_prefix": "",
                            "path": "/",
                            "policy": "{\"Statement\":[{\"Action\":[\"s3:GetObject\",\"s3:ListBucket\",\"s3:GetBucketLocation\"],\"Effect\":\"Allow\",\"Resource\":\"*\",\"Sid\":\"VisualEditor0\"}],\"Version\":\"2012-10-17\"}",
                            "policy_id": "ANPA5WLTTPMY3NVPGWEHE",
                            "tags.%": "0",
                            "tags_all.%": "0"
                        },
                        "meta": {
                            "schema_version": 0
                        },
                        "tainted": false
                    },
                    "deposed": [],
                    "provider": "provider.aws"
                },
                "aws_iam_policy.tfer--S3Put": {
                    "type": "aws_iam_policy",
                    "depends_on": [],
                    "primary": {
                        "id": "arn:aws:iam::941377157937:policy/S3Put",
                        "attributes": {
                            "arn": "arn:aws:iam::941377157937:policy/S3Put",
                            "attachment_count": "1",
                            "description": "",
                            "id": "arn:aws:iam::941377157937:policy/S3Put",
                            "name": "S3Put",
                            "name_prefix": "",
                            "path": "/",
                            "policy": "{\"Statement\":[{\"Action\":\"s3:PutObject\",\"Effect\":\"Allow\",\"Resource\":\"*\",\"Sid\":\"VisualEditor0\"}],\"Version\":\"2012-10-17\"}",
                            "policy_id": "ANPA5WLTTPMY7UHENJOCP",
                            "tags.%": "0",
                            "tags_all.%": "0"
                        },
                        "meta": {
                            "schema_version": 0
                        },
                        "tainted": false
                    },
                    "deposed": [],
                    "provider": "provider.aws"
                },
                "aws_iam_policy.tfer--SQSReceiveAndDelete": {
                    "type": "aws_iam_policy",
                    "depends_on": [],
                    "primary": {
                        "id": "arn:aws:iam::941377157937:policy/SQSReceiveAndDelete",
                        "attributes": {
                            "arn": "arn:aws:iam::941377157937:policy/SQSReceiveAndDelete",
                            "attachment_count": "1",
                            "description": "",
                            "id": "arn:aws:iam::941377157937:policy/SQSReceiveAndDelete",
                            "name": "SQSReceiveAndDelete",
                            "name_prefix": "",
                            "path": "/",
                            "policy": "{\"Statement\":[{\"Action\":[\"sqs:DeleteMessage\",\"sqs:ChangeMessageVisibility\",\"sqs:ReceiveMessage\",\"sqs:GetQueueAttributes\"],\"Effect\":\"Allow\",\"Resource\":\"*\",\"Sid\":\"VisualEditor0\"}],\"Version\":\"2012-10-17\"}",
                            "policy_id": "ANPA5WLTTPMYR7V5NOLUO",
                            "tags.%": "0",
                            "tags_all.%": "0"
                        },
                        "meta": {
                            "schema_version": 0
                        },
                        "tainted": false
                    },
                    "deposed": [],
                    "provider": "provider.aws"
                },
                "aws_iam_policy.tfer--SQSSendMessage": {
                    "type": "aws_iam_policy",
                    "depends_on": [],
                    "primary": {
                        "id": "arn:aws:iam::941377157937:policy/SQSSendMessage",
                        "attributes": {
                            "arn": "arn:aws:iam::941377157937:policy/SQSSendMessage",
                            "attachment_count": "1",
                            "description": "",
                            "id": "arn:aws:iam::941377157937:policy/SQSSendMessage",
                            "name": "SQSSendMessage",
                            "name_prefix": "",
                            "path": "/",
                            "policy": "{\"Statement\":[{\"Action\":\"sqs:SendMessage\",\"Effect\":\"Allow\",\"Resource\":\"*\",\"Sid\":\"VisualEditor0\"}],\"Version\":\"2012-10-17\"}",
                            "policy_id": "ANPA5WLTTPMYV4YU33L65",
                            "tags.%": "0",
                            "tags_all.%": "0"
                        },
                        "meta": {
                            "schema_version": 0
                        },
                        "tainted": false
                    },
                    "deposed": [],
                    "provider": "provider.aws"
                },
                "aws_iam_policy.tfer--analysis-002D-lambda-002D-policy": {
                    "type": "aws_iam_policy",
                    "depends_on": [],
                    "primary": {
                        "id": "arn:aws:iam::941377157937:policy/analysis-lambda-policy",
                        "attributes": {
                            "arn": "arn:aws:iam::941377157937:policy/analysis-lambda-policy",
                            "attachment_count": "1",
                            "description": "",
                            "id": "arn:aws:iam::941377157937:policy/analysis-lambda-policy",
                            "name": "analysis-lambda-policy",
                            "name_prefix": "",
                            "path": "/",
                            "policy": "{\"Statement\":[{\"Action\":[\"s3:ListAccessPointsForObjectLambda\",\"s3:ListStorageLensGroups\",\"s3:DeleteAccessPointForObjectLambda\",\"s3:DissociateAccessGrantsIdentityCenter\",\"dynamodb:DescribeContinuousBackups\",\"dynamodb:DescribeExport\",\"dynamodb:ListImports\",\"dynamodb:GetResourcePolicy\",\"dynamodb:BatchWriteItem\",\"s3:GetMultiRegionAccessPoint\",\"s3:DeleteAccessGrantsInstanceResourcePolicy\",\"dynamodb:StartAwsBackupJob\",\"s3:GetBucketNotification\",\"s3:DescribeMultiRegionAccessPointOperation\",\"s3:PutBucketNotification\",\"dynamodb:RestoreTableFromAwsBackup\",\"dynamodb:GetShardIterator\",\"dynamodb:DescribeReservedCapacity\",\"s3:CreateAccessGrant\",\"s3:PutBucketObjectLockConfiguration\",\"dynamodb:UpdateTable\",\"dynamodb:DescribeImport\",\"s3:GetLifecycleConfiguration\",\"s3:GetBucketTagging\",\"dynamodb:ListTables\",\"dynamodb:ListTagsOfResource\",\"dynamodb:CreateBackup\",\"dynamodb:GetAbacStatus\",\"dynamodb:DescribeReservedCapacityOfferings\",\"s3:AssociateAccessGrantsIdentityCenter\",\"s3:ListAccessGrantsInstances\",\"s3:PutBucketVersioning\",\"s3:GetMultiRegionAccessPointPolicyStatus\",\"s3:ListBucketMultipartUploads\",\"s3:GetDataAccess\",\"s3:CreateStorageLensGroup\",\"dynamodb:DescribeStream\",\"s3:CreateAccessGrantsInstance\",\"s3:ListAccessGrantsLocations\",\"s3:PutInventoryConfiguration\",\"dynamodb:ListContributorInsights\",\"s3:DeleteStorageLensConfiguration\",\"s3:GetAccountPublicAccessBlock\",\"s3:PutBucketWebsite\",\"s3:ListAllMyBuckets\",\"s3:PutBucketRequestPayment\",\"dynamodb:ListGlobalTables\",\"s3:PutObjectRetention\",\"s3:CreateAccessPointForObjectLambda\",\"dynamodb:DescribeGlobalTable\",\"s3:PutAccessGrantsInstanceResourcePolicy\",\"s3:GetObjectVersion\",\"dynamodb:PartiQLDelete\",\"s3:PutAnalyticsConfiguration\",\"s3:PutAccessPointConfigurationForObjectLambda\",\"s3:GetObjectVersionTagging\",\"dynamodb:DescribeContributorInsights\",\"s3:GetStorageLensConfigurationTagging\",\"s3:ReplicateObject\",\"s3:GetBucketObjectLockConfiguration\",\"s3:DeleteBucketWebsite\",\"dynamodb:DescribeTable\",\"dynamodb:PartiQLInsert\",\"dynamodb:EnableKinesisStreamingDestination\",\"s3:GetAccessGrantsLocation\",\"dynamodb:DisableKinesisStreamingDestination\",\"s3:GetJobTagging\",\"s3:ListJobs\",\"dynamodb:Scan\",\"s3:PutBucketCORS\",\"dynamodb:UpdateGlobalTableSettings\",\"s3:GetBucketMetadataTableConfiguration\",\"s3:DescribeJob\",\"s3:GetObjectVersionForReplication\",\"s3:GetAccessPointForObjectLambda\",\"dynamodb:DescribeBackup\",\"dynamodb:GetRecords\",\"s3:PutAccelerateConfiguration\",\"s3:CreateAccessGrantsLocation\",\"s3:DeleteObjectVersion\",\"dynamodb:DeleteItem\",\"s3:GetBucketLogging\",\"s3:GetAccessGrant\",\"s3:RestoreObject\",\"s3:GetAccelerateConfiguration\",\"s3:GetObjectVersionAttributes\",\"s3:GetBucketPolicy\",\"dynamodb:UpdateContinuousBackups\",\"s3:PutEncryptionConfiguration\",\"s3:GetEncryptionConfiguration\",\"s3:DeleteAccessGrantsInstance\",\"s3:GetBucketRequestPayment\",\"s3:GetAccessPointPolicyStatus\",\"s3:DeleteStorageLensGroup\",\"s3:GetObjectTagging\",\"dynamodb:ListExports\",\"s3:GetMultiRegionAccessPointPolicy\",\"dynamodb:ConditionCheckItem\",\"s3:GetAccessPointPolicyStatusForObjectLambda\",\"s3:ListAccessPoints\",\"dynamodb:DescribeTimeToLive\",\"dynamodb:DescribeGlobalTableSettings\",\"s3:UpdateAccessGrantsLocation\",\"s3:GetAccessPointPolicy\",\"s3:ReplicateDelete\",\"s3:DeleteAccessGrant\",\"s3:PauseReplication\",\"s3:DeleteAccessPoint\",\"dynamodb:UpdateGlobalTable\",\"dynamodb:DeleteTable\",\"dynamodb:UpdateTableReplicaAutoScaling\",\"s3:GetStorageLensGroup\",\"s3:PutLifecycleConfiguration\",\"s3:DeleteObject\",\"s3:CreateMultiRegionAccessPoint\",\"dynamodb:UpdateTimeToLive\",\"s3:GetBucketWebsite\",\"dynamodb:PartiQLUpdate\",\"s3:GetObjectAttributes\",\"s3:GetAccessGrantsInstanceResourcePolicy\",\"dynamodb:UpdateItem\",\"s3:InitiateReplication\",\"s3:GetObjectLegalHold\",\"s3:GetReplicationConfiguration\",\"dynamodb:CreateTable\",\"s3:PutObject\",\"dynamodb:ExportTableToPointInTime\",\"s3:GetStorageLensDashboard\",\"s3:DeleteBucketMetadataTableConfiguration\",\"s3:GetInventoryConfiguration\",\"s3:GetAccessPointPolicyForObjectLambda\",\"s3:ListCallerAccessGrants\",\"dynamodb:CreateTableReplica\",\"s3:ListBucket\",\"dynamodb:UpdateContributorInsights\",\"sqs:*\",\"s3:AbortMultipartUpload\",\"dynamodb:PartiQLSelect\",\"s3:UpdateJobPriority\",\"s3:GetAccessGrantsInstance\",\"dynamodb:UpdateGlobalTableVersion\",\"s3:DeleteBucket\",\"dynamodb:DescribeLimits\",\"dynamodb:ImportTable\",\"s3:PutIntelligentTieringConfiguration\",\"s3:PutMetricsConfiguration\",\"dynamodb:Query\",\"s3:GetBucketVersioning\",\"s3:GetAccessPointConfigurationForObjectLambda\",\"dynamodb:ListStreams\",\"s3:GetMultiRegionAccessPointRoutes\",\"s3:GetStorageLensConfiguration\",\"s3:GetBucketCORS\",\"s3:PutStorageLensConfiguration\",\"s3:CreateBucket\",\"s3:GetObjectAcl\",\"s3:GetIntelligentTieringConfiguration\",\"s3:GetAccessGrantsInstanceForPrefix\",\"s3:GetObjectVersionAcl\",\"dynamodb:GetItem\",\"s3:GetBucketPolicyStatus\",\"dynamodb:BatchGetItem\",\"s3:GetObjectRetention\",\"dynamodb:PutItem\",\"s3:PutObjectLegalHold\",\"s3:ListMultipartUploadParts\",\"s3:GetObject\",\"s3:PutBucketLogging\",\"s3:GetAnalyticsConfiguration\",\"dynamodb:DescribeEndpoints\",\"dynamodb:DescribeTableReplicaAutoScaling\",\"s3:CreateAccessPoint\",\"s3:GetAccessPoint\",\"s3:SubmitMultiRegionAccessPointRoutes\",\"s3:ListBucketVersions\",\"dynamodb:PurchaseReservedCapacityOfferings\",\"s3:DeleteAccessGrantsLocation\",\"s3:ListTagsForResource\",\"s3:GetObjectVersionTorrent\",\"s3:ListAccessGrants\",\"s3:GetBucketOwnershipControls\",\"s3:GetMetricsConfiguration\",\"dynamodb:CreateGlobalTable\",\"dynamodb:DescribeKinesisStreamingDestination\",\"s3:GetBucketPublicAccessBlock\",\"s3:UpdateStorageLensGroup\",\"dynamodb:ListBackups\",\"s3:PutBucketOwnershipControls\",\"s3:DeleteMultiRegionAccessPoint\",\"dynamodb:DeleteTableReplica\",\"s3:ListMultiRegionAccessPoints\",\"s3:UpdateJobStatus\",\"s3:GetBucketAcl\",\"s3:ListStorageLensConfigurations\",\"s3:GetObjectTorrent\",\"dynamodb:UpdateKinesisStreamingDestination\",\"s3:GetBucketLocation\",\"dynamodb:DeleteBackup\"],\"Effect\":\"Allow\",\"Resource\":\"*\",\"Sid\":\"VisualEditor0\"}],\"Version\":\"2012-10-17\"}",
                            "policy_id": "ANPA5WLTTPMYU3WRFYGXJ",
                            "tags.%": "0",
                            "tags_all.%": "0"
                        },
                        "meta": {
                            "schema_version": 0
                        },
                        "tainted": false
                    },
                    "deposed": [],
                    "provider": "provider.aws"
                },
                "aws_iam_policy.tfer--lambda-002D-s3-002D-sqs-002D-dynamodb-002D-role": {
                    "type": "aws_iam_policy",
                    "depends_on": [],
                    "primary": {
                        "id": "arn:aws:iam::941377157937:policy/lambda-s3-sqs-dynamodb-role",
                        "attributes": {
                            "arn": "arn:aws:iam::941377157937:policy/lambda-s3-sqs-dynamodb-role",
                            "attachment_count": "1",
                            "description": "",
                            "id": "arn:aws:iam::941377157937:policy/lambda-s3-sqs-dynamodb-role",
                            "name": "lambda-s3-sqs-dynamodb-role",
                            "name_prefix": "",
                            "path": "/",
                            "policy": "{\"Statement\":[{\"Action\":[\"sqs:DeleteMessage\",\"s3:CreateAccessPoint\",\"dynamodb:PutItem\",\"dynamodb:DeleteItem\",\"sqs:ReceiveMessage\",\"sqs:SendMessage\",\"dynamodb:Scan\",\"s3:CreateBucket\",\"sqs:GetQueueAttributes\",\"dynamodb:Query\",\"dynamodb:UpdateItem\",\"s3:ListBucket\",\"s3:PutObject\",\"s3:GetObject\",\"dynamodb:GetItem\"],\"Effect\":\"Allow\",\"Resource\":\"*\",\"Sid\":\"VisualEditor0\"}],\"Version\":\"2012-10-17\"}",
                            "policy_id": "ANPA5WLTTPMY5JYVAZGDG",
                            "tags.%": "0",
                            "tags_all.%": "0"
                        },
                        "meta": {
                            "schema_version": 0
                        },
                        "tainted": false
                    },
                    "deposed": [],
                    "provider": "provider.aws"
                },
                "aws_iam_role.tfer--APIGatewaySQSInvokerRole": {
                    "type": "aws_iam_role",
                    "depends_on": [],
                    "primary": {
                        "id": "APIGatewaySQSInvokerRole",
                        "attributes": {
                            "arn": "arn:aws:iam::941377157937:role/APIGatewaySQSInvokerRole",
                            "assume_role_policy": "{\"Statement\":[{\"Action\":\"sts:AssumeRole\",\"Effect\":\"Allow\",\"Principal\":{\"Service\":\"apigateway.amazonaws.com\"},\"Sid\":\"\"}],\"Version\":\"2012-10-17\"}",
                            "create_date": "2024-10-16T12:39:49Z",
                            "description": "",
                            "id": "APIGatewaySQSInvokerRole",
                            "managed_policy_arns.#": "2",
                            "managed_policy_arns.0": "arn:aws:iam::941377157937:policy/APIGatewayToSQSPolicy",
                            "managed_policy_arns.1": "arn:aws:iam::aws:policy/service-role/AmazonAPIGatewayPushToCloudWatchLogs",
                            "max_session_duration": "3600",
                            "name": "APIGatewaySQSInvokerRole",
                            "name_prefix": "",
                            "path": "/",
                            "permissions_boundary": "",
                            "tags.%": "0",
                            "tags_all.%": "0",
                            "unique_id": "AROA5WLTTPMY7S2KTNJPL"
                        },
                        "meta": {
                            "schema_version": 0
                        },
                        "tainted": false
                    },
                    "deposed": [],
                    "provider": "provider.aws"
                },
                "aws_iam_role.tfer--AWSServiceRoleForAPIGateway": {
                    "type": "aws_iam_role",
                    "depends_on": [],
                    "primary": {
                        "id": "AWSServiceRoleForAPIGateway",
                        "attributes": {
                            "arn": "arn:aws:iam::941377157937:role/aws-service-role/ops.apigateway.amazonaws.com/AWSServiceRoleForAPIGateway",
                            "assume_role_policy": "{\"Statement\":[{\"Action\":\"sts:AssumeRole\",\"Effect\":\"Allow\",\"Principal\":{\"Service\":\"ops.apigateway.amazonaws.com\"}}],\"Version\":\"2012-10-17\"}",
                            "create_date": "2024-10-16T12:08:37Z",
                            "description": "The Service Linked Role is used by Amazon API Gateway.",
                            "id": "AWSServiceRoleForAPIGateway",
                            "managed_policy_arns.#": "1",
                            "managed_policy_arns.0": "arn:aws:iam::aws:policy/aws-service-role/APIGatewayServiceRolePolicy",
                            "max_session_duration": "3600",
                            "name": "AWSServiceRoleForAPIGateway",
                            "name_prefix": "",
                            "path": "/aws-service-role/ops.apigateway.amazonaws.com/",
                            "permissions_boundary": "",
                            "tags.%": "0",
                            "tags_all.%": "0",
                            "unique_id": "AROA5WLTTPMY4VO2YSJKC"
                        },
                        "meta": {
                            "schema_version": 0
                        },
                        "tainted": false
                    },
                    "deposed": [],
                    "provider": "provider.aws"
                },
                "aws_iam_role.tfer--AWSServiceRoleForApplicationAutoScaling_DynamoDBTable": {
                    "type": "aws_iam_role",
                    "depends_on": [],
                    "primary": {
                        "id": "AWSServiceRoleForApplicationAutoScaling_DynamoDBTable",
                        "attributes": {
                            "arn": "arn:aws:iam::941377157937:role/aws-service-role/dynamodb.application-autoscaling.amazonaws.com/AWSServiceRoleForApplicationAutoScaling_DynamoDBTable",
                            "assume_role_policy": "{\"Statement\":[{\"Action\":\"sts:AssumeRole\",\"Effect\":\"Allow\",\"Principal\":{\"Service\":\"dynamodb.application-autoscaling.amazonaws.com\"}}],\"Version\":\"2012-10-17\"}",
                            "create_date": "2024-10-18T08:48:58Z",
                            "description": "",
                            "id": "AWSServiceRoleForApplicationAutoScaling_DynamoDBTable",
                            "managed_policy_arns.#": "1",
                            "managed_policy_arns.0": "arn:aws:iam::aws:policy/aws-service-role/AWSApplicationAutoscalingDynamoDBTablePolicy",
                            "max_session_duration": "3600",
                            "name": "AWSServiceRoleForApplicationAutoScaling_DynamoDBTable",
                            "name_prefix": "",
                            "path": "/aws-service-role/dynamodb.application-autoscaling.amazonaws.com/",
                            "permissions_boundary": "",
                            "tags.%": "0",
                            "tags_all.%": "0",
                            "unique_id": "AROA5WLTTPMYRG6NQEQBN"
                        },
                        "meta": {
                            "schema_version": 0
                        },
                        "tainted": false
                    },
                    "deposed": [],
                    "provider": "provider.aws"
                },
                "aws_iam_role.tfer--AWSServiceRoleForSupport": {
                    "type": "aws_iam_role",
                    "depends_on": [],
                    "primary": {
                        "id": "AWSServiceRoleForSupport",
                        "attributes": {
                            "arn": "arn:aws:iam::941377157937:role/aws-service-role/support.amazonaws.com/AWSServiceRoleForSupport",
                            "assume_role_policy": "{\"Statement\":[{\"Action\":\"sts:AssumeRole\",\"Effect\":\"Allow\",\"Principal\":{\"Service\":\"support.amazonaws.com\"}}],\"Version\":\"2012-10-17\"}",
                            "create_date": "2024-10-13T12:18:16Z",
                            "description": "Enables resource access for AWS to provide billing, administrative and support services",
                            "id": "AWSServiceRoleForSupport",
                            "managed_policy_arns.#": "1",
                            "managed_policy_arns.0": "arn:aws:iam::aws:policy/aws-service-role/AWSSupportServiceRolePolicy",
                            "max_session_duration": "3600",
                            "name": "AWSServiceRoleForSupport",
                            "name_prefix": "",
                            "path": "/aws-service-role/support.amazonaws.com/",
                            "permissions_boundary": "",
                            "tags.%": "0",
                            "tags_all.%": "0",
                            "unique_id": "AROA5WLTTPMYZEB7DM6OH"
                        },
                        "meta": {
                            "schema_version": 0
                        },
                        "tainted": false
                    },
                    "deposed": [],
                    "provider": "provider.aws"
                },
                "aws_iam_role.tfer--AWSServiceRoleForTrustedAdvisor": {
                    "type": "aws_iam_role",
                    "depends_on": [],
                    "primary": {
                        "id": "AWSServiceRoleForTrustedAdvisor",
                        "attributes": {
                            "arn": "arn:aws:iam::941377157937:role/aws-service-role/trustedadvisor.amazonaws.com/AWSServiceRoleForTrustedAdvisor",
                            "assume_role_policy": "{\"Statement\":[{\"Action\":\"sts:AssumeRole\",\"Effect\":\"Allow\",\"Principal\":{\"Service\":\"trustedadvisor.amazonaws.com\"}}],\"Version\":\"2012-10-17\"}",
                            "create_date": "2024-10-13T12:18:16Z",
                            "description": "Access for the AWS Trusted Advisor Service to help reduce cost, increase performance, and improve security of your AWS environment.",
                            "id": "AWSServiceRoleForTrustedAdvisor",
                            "managed_policy_arns.#": "1",
                            "managed_policy_arns.0": "arn:aws:iam::aws:policy/aws-service-role/AWSTrustedAdvisorServiceRolePolicy",
                            "max_session_duration": "3600",
                            "name": "AWSServiceRoleForTrustedAdvisor",
                            "name_prefix": "",
                            "path": "/aws-service-role/trustedadvisor.amazonaws.com/",
                            "permissions_boundary": "",
                            "tags.%": "0",
                            "tags_all.%": "0",
                            "unique_id": "AROA5WLTTPMYRFE33GW3T"
                        },
                        "meta": {
                            "schema_version": 0
                        },
                        "tainted": false
                    },
                    "deposed": [],
                    "provider": "provider.aws"
                },
                "aws_iam_role.tfer--ApiRequestLambdaRole": {
                    "type": "aws_iam_role",
                    "depends_on": [],
                    "primary": {
                        "id": "ApiRequestLambdaRole",
                        "attributes": {
                            "arn": "arn:aws:iam::941377157937:role/ApiRequestLambdaRole",
                            "assume_role_policy": "{\"Statement\":[{\"Action\":\"sts:AssumeRole\",\"Effect\":\"Allow\",\"Principal\":{\"Service\":\"lambda.amazonaws.com\"}}],\"Version\":\"2012-10-17\"}",
                            "create_date": "2024-12-29T11:56:38Z",
                            "description": "Allows Lambda functions to call AWS services on your behalf.",
                            "id": "ApiRequestLambdaRole",
                            "inline_policy.#": "1",
                            "inline_policy.0.name": "Dynamo-CreateEmptyAndTable",
                            "inline_policy.0.policy": "{\"Version\":\"2012-10-17\",\"Statement\":[{\"Action\":[\"dynamodb:CreateTable\",\"dynamodb:PutItem\",\"dynamodb:DescribeTable\",\"dynamodb:ListTables\",\"dynamodb:GetItem\",\"dynamodb:UpdateItem\"],\"Effect\":\"Allow\",\"Resource\":\"*\",\"Sid\":\"VisualEditor0\"}]}",
                            "managed_policy_arns.#": "1",
                            "managed_policy_arns.0": "arn:aws:iam::941377157937:policy/InvokeFunction",
                            "max_session_duration": "3600",
                            "name": "ApiRequestLambdaRole",
                            "name_prefix": "",
                            "path": "/",
                            "permissions_boundary": "",
                            "tags.%": "0",
                            "tags_all.%": "0",
                            "unique_id": "AROA5WLTTPMYTNDYY52VK"
                        },
                        "meta": {
                            "schema_version": 0
                        },
                        "tainted": false
                    },
                    "deposed": [],
                    "provider": "provider.aws"
                },
                "aws_iam_role.tfer--LambdaScraperAnalysisRole": {
                    "type": "aws_iam_role",
                    "depends_on": [],
                    "primary": {
                        "id": "LambdaScraperAnalysisRole",
                        "attributes": {
                            "arn": "arn:aws:iam::941377157937:role/LambdaScraperAnalysisRole",
                            "assume_role_policy": "{\"Statement\":[{\"Action\":\"sts:AssumeRole\",\"Effect\":\"Allow\",\"Principal\":{\"Service\":\"lambda.amazonaws.com\"}}],\"Version\":\"2012-10-17\"}",
                            "create_date": "2024-12-29T12:15:03Z",
                            "description": "Allows Lambda functions to call AWS services on your behalf.",
                            "id": "LambdaScraperAnalysisRole",
                            "managed_policy_arns.#": "3",
                            "managed_policy_arns.0": "arn:aws:iam::941377157937:policy/DynamoUpdateItem",
                            "managed_policy_arns.1": "arn:aws:iam::941377157937:policy/S3ListAndGet",
                            "managed_policy_arns.2": "arn:aws:iam::941377157937:policy/SQSReceiveAndDelete",
                            "max_session_duration": "3600",
                            "name": "LambdaScraperAnalysisRole",
                            "name_prefix": "",
                            "path": "/",
                            "permissions_boundary": "",
                            "tags.%": "0",
                            "tags_all.%": "0",
                            "unique_id": "AROA5WLTTPMY43H6RAUYS"
                        },
                        "meta": {
                            "schema_version": 0
                        },
                        "tainted": false
                    },
                    "deposed": [],
                    "provider": "provider.aws"
                },
                "aws_iam_role.tfer--LambdaScraperRole": {
                    "type": "aws_iam_role",
                    "depends_on": [],
                    "primary": {
                        "id": "LambdaScraperRole",
                        "attributes": {
                            "arn": "arn:aws:iam::941377157937:role/LambdaScraperRole",
                            "assume_role_policy": "{\"Statement\":[{\"Action\":\"sts:AssumeRole\",\"Effect\":\"Allow\",\"Principal\":{\"Service\":\"lambda.amazonaws.com\"}}],\"Version\":\"2012-10-17\"}",
                            "create_date": "2024-12-29T12:06:33Z",
                            "description": "Allows Lambda functions to call AWS services on your behalf.",
                            "id": "LambdaScraperRole",
                            "managed_policy_arns.#": "3",
                            "managed_policy_arns.0": "arn:aws:iam::941377157937:policy/DynamoUpdateItem",
                            "managed_policy_arns.1": "arn:aws:iam::941377157937:policy/S3Put",
                            "managed_policy_arns.2": "arn:aws:iam::941377157937:policy/SQSSendMessage",
                            "max_session_duration": "3600",
                            "name": "LambdaScraperRole",
                            "name_prefix": "",
                            "path": "/",
                            "permissions_boundary": "",
                            "tags.%": "0",
                            "tags_all.%": "0",
                            "unique_id": "AROA5WLTTPMYYN5JB7UWQ"
                        },
                        "meta": {
                            "schema_version": 0
                        },
                        "tainted": false
                    },
                    "deposed": [],
                    "provider": "provider.aws"
                },
                "aws_iam_role.tfer--analysis-002D-lambda-002D-role": {
                    "type": "aws_iam_role",
                    "depends_on": [],
                    "primary": {
                        "id": "analysis-lambda-role",
                        "attributes": {
                            "arn": "arn:aws:iam::941377157937:role/analysis-lambda-role",
                            "assume_role_policy": "{\"Statement\":[{\"Action\":\"sts:AssumeRole\",\"Effect\":\"Allow\",\"Principal\":{\"Service\":\"lambda.amazonaws.com\"}}],\"Version\":\"2012-10-17\"}",
                            "create_date": "2024-12-27T09:08:47Z",
                            "description": "Allows Lambda functions to call AWS services on your behalf.",
                            "id": "analysis-lambda-role",
                            "managed_policy_arns.#": "1",
                            "managed_policy_arns.0": "arn:aws:iam::941377157937:policy/analysis-lambda-policy",
                            "max_session_duration": "3600",
                            "name": "analysis-lambda-role",
                            "name_prefix": "",
                            "path": "/",
                            "permissions_boundary": "",
                            "tags.%": "0",
                            "tags_all.%": "0",
                            "unique_id": "AROA5WLTTPMY53UBLKNUO"
                        },
                        "meta": {
                            "schema_version": 0
                        },
                        "tainted": false
                    },
                    "deposed": [],
                    "provider": "provider.aws"
                },
                "aws_iam_role.tfer--lambda-002D-InvokeFunction": {
                    "type": "aws_iam_role",
                    "depends_on": [],
                    "primary": {
                        "id": "lambda-InvokeFunction",
                        "attributes": {
                            "arn": "arn:aws:iam::941377157937:role/lambda-InvokeFunction",
                            "assume_role_policy": "{\"Statement\":[{\"Action\":\"sts:AssumeRole\",\"Effect\":\"Allow\",\"Principal\":{\"Service\":\"lambda.amazonaws.com\"}}],\"Version\":\"2012-10-17\"}",
                            "create_date": "2024-12-26T15:25:07Z",
                            "description": "Allows Lambda functions to call AWS services on your behalf.",
                            "id": "lambda-InvokeFunction",
                            "inline_policy.#": "2",
                            "inline_policy.0.name": "DynamoAllTest",
                            "inline_policy.0.policy": "{\"Version\":\"2012-10-17\",\"Statement\":[{\"Action\":[\"dynamodb:DescribeContributorInsights\",\"dynamodb:RestoreTableToPointInTime\",\"dynamodb:*\",\"dynamodb:UpdateGlobalTable\",\"dynamodb:DeleteTable\",\"dynamodb:UpdateTableReplicaAutoScaling\",\"dynamodb:DescribeTable\",\"dynamodb:PartiQLInsert\",\"dynamodb:GetItem\",\"dynamodb:DescribeContinuousBackups\",\"dynamodb:DescribeExport\",\"dynamodb:GetResourcePolicy\",\"dynamodb:EnableKinesisStreamingDestination\",\"dynamodb:BatchGetItem\",\"dynamodb:DisableKinesisStreamingDestination\",\"dynamodb:UpdateTimeToLive\",\"dynamodb:BatchWriteItem\",\"dynamodb:PutItem\",\"dynamodb:PartiQLUpdate\",\"dynamodb:Scan\",\"dynamodb:StartAwsBackupJob\",\"dynamodb:UpdateItem\",\"dynamodb:UpdateGlobalTableSettings\",\"dynamodb:CreateTable\",\"dynamodb:RestoreTableFromAwsBackup\",\"dynamodb:GetShardIterator\",\"dynamodb:DescribeReservedCapacity\",\"dynamodb:ExportTableToPointInTime\",\"dynamodb:DescribeEndpoints\",\"dynamodb:DescribeBackup\",\"dynamodb:UpdateTable\",\"dynamodb:GetRecords\",\"dynamodb:DescribeTableReplicaAutoScaling\",\"dynamodb:DescribeImport\",\"dynamodb:DeleteItem\",\"dynamodb:PurchaseReservedCapacityOfferings\",\"dynamodb:CreateTableReplica\",\"dynamodb:ListTagsOfResource\",\"dynamodb:UpdateContributorInsights\",\"dynamodb:CreateBackup\",\"dynamodb:GetAbacStatus\",\"dynamodb:UpdateContinuousBackups\",\"dynamodb:DescribeReservedCapacityOfferings\",\"dynamodb:PartiQLSelect\",\"dynamodb:UpdateGlobalTableVersion\",\"dynamodb:CreateGlobalTable\",\"dynamodb:DescribeKinesisStreamingDestination\",\"dynamodb:DescribeLimits\",\"dynamodb:ImportTable\",\"dynamodb:ConditionCheckItem\",\"dynamodb:Query\",\"dynamodb:DescribeStream\",\"dynamodb:DeleteTableReplica\",\"dynamodb:DescribeTimeToLive\",\"dynamodb:ListStreams\",\"dynamodb:DescribeGlobalTableSettings\",\"dynamodb:UpdateKinesisStreamingDestination\",\"dynamodb:DescribeGlobalTable\",\"dynamodb:DeleteBackup\",\"dynamodb:PartiQLDelete\"],\"Effect\":\"Allow\",\"Resource\":\"*\",\"Sid\":\"VisualEditor0\"}]}",
                            "inline_policy.1.name": "lambdaAll",
                            "inline_policy.1.policy": "{\"Version\":\"2012-10-17\",\"Statement\":[{\"Action\":[\"lambda:TagResource\",\"lambda:DeleteProvisionedConcurrencyConfig\",\"lambda:GetFunctionConfiguration\",\"lambda:EnableReplication\",\"lambda:ListProvisionedConcurrencyConfigs\",\"lambda:DisableReplication\",\"lambda:GetProvisionedConcurrencyConfig\",\"lambda:ListLayers\",\"lambda:ListLayerVersions\",\"lambda:DeleteFunction\",\"lambda:GetAlias\",\"lambda:ListCodeSigningConfigs\",\"lambda:UpdateFunctionUrlConfig\",\"lambda:CreateFunctionUrlConfig\",\"lambda:UpdateFunctionEventInvokeConfig\",\"lambda:DeleteFunctionCodeSigningConfig\",\"lambda:InvokeFunctionUrl\",\"lambda:ListFunctions\",\"lambda:GetEventSourceMapping\",\"lambda:InvokeFunction\",\"lambda:GetFunctionRecursionConfig\",\"lambda:ListAliases\",\"lambda:GetFunctionUrlConfig\",\"lambda:AddLayerVersionPermission\",\"lambda:GetFunctionCodeSigningConfig\",\"lambda:UpdateAlias\",\"lambda:UpdateFunctionCode\",\"lambda:ListFunctionEventInvokeConfigs\",\"lambda:PutRuntimeManagementConfig\",\"lambda:ListFunctionsByCodeSigningConfig\",\"lambda:GetFunctionConcurrency\",\"lambda:PutProvisionedConcurrencyConfig\",\"lambda:ListEventSourceMappings\",\"lambda:PublishVersion\",\"lambda:DeleteEventSourceMapping\",\"lambda:CreateAlias\",\"lambda:ListVersionsByFunction\",\"lambda:GetLayerVersion\",\"lambda:PublishLayerVersion\",\"lambda:InvokeAsync\",\"lambda:GetAccountSettings\",\"lambda:CreateEventSourceMapping\",\"lambda:GetLayerVersionPolicy\",\"lambda:UntagResource\",\"lambda:RemoveLayerVersionPermission\",\"lambda:PutFunctionConcurrency\",\"lambda:DeleteCodeSigningConfig\",\"lambda:ListTags\",\"lambda:GetRuntimeManagementConfig\",\"lambda:DeleteLayerVersion\",\"lambda:PutFunctionEventInvokeConfig\",\"lambda:DeleteFunctionEventInvokeConfig\",\"lambda:CreateCodeSigningConfig\",\"lambda:PutFunctionCodeSigningConfig\",\"lambda:UpdateEventSourceMapping\",\"lambda:UpdateFunctionCodeSigningConfig\",\"lambda:GetFunction\",\"lambda:PutFunctionRecursionConfig\",\"lambda:UpdateFunctionConfiguration\",\"lambda:ListFunctionUrlConfigs\",\"lambda:UpdateCodeSigningConfig\",\"lambda:AddPermission\",\"lambda:GetFunctionEventInvokeConfig\",\"lambda:DeleteAlias\",\"lambda:DeleteFunctionConcurrency\",\"lambda:GetCodeSigningConfig\",\"lambda:DeleteFunctionUrlConfig\",\"lambda:RemovePermission\",\"lambda:GetPolicy\"],\"Effect\":\"Allow\",\"Resource\":\"*\",\"Sid\":\"VisualEditor0\"}]}",
                            "managed_policy_arns.#": "0",
                            "max_session_duration": "3600",
                            "name": "lambda-InvokeFunction",
                            "name_prefix": "",
                            "path": "/",
                            "permissions_boundary": "",
                            "tags.%": "0",
                            "tags_all.%": "0",
                            "unique_id": "AROA5WLTTPMY5OR76JH23"
                        },
                        "meta": {
                            "schema_version": 0
                        },
                        "tainted": false
                    },
                    "deposed": [],
                    "provider": "provider.aws"
                },
                "aws_iam_role.tfer--lambda-002D-s3-002D-sqs-002D-dynamodb-002D-role": {
                    "type": "aws_iam_role",
                    "depends_on": [],
                    "primary": {
                        "id": "lambda-s3-sqs-dynamodb-role",
                        "attributes": {
                            "arn": "arn:aws:iam::941377157937:role/lambda-s3-sqs-dynamodb-role",
                            "assume_role_policy": "{\"Statement\":[{\"Action\":\"sts:AssumeRole\",\"Effect\":\"Allow\",\"Principal\":{\"Service\":\"lambda.amazonaws.com\"}}],\"Version\":\"2012-10-17\"}",
                            "create_date": "2024-12-26T13:44:44Z",
                            "description": "Allows Lambda functions to call AWS services on your behalf.",
                            "id": "lambda-s3-sqs-dynamodb-role",
                            "managed_policy_arns.#": "1",
                            "managed_policy_arns.0": "arn:aws:iam::941377157937:policy/lambda-s3-sqs-dynamodb-role",
                            "max_session_duration": "3600",
                            "name": "lambda-s3-sqs-dynamodb-role",
                            "name_prefix": "",
                            "path": "/",
                            "permissions_boundary": "",
                            "tags.%": "0",
                            "tags_all.%": "0",
                            "unique_id": "AROA5WLTTPMY6RZ5D2V6T"
                        },
                        "meta": {
                            "schema_version": 0
                        },
                        "tainted": false
                    },
                    "deposed": [],
                    "provider": "provider.aws"
                },
                "aws_iam_role.tfer--lambda-002D-scraper-002D-role": {
                    "type": "aws_iam_role",
                    "depends_on": [],
                    "primary": {
                        "id": "lambda-scraper-role",
                        "attributes": {
                            "arn": "arn:aws:iam::941377157937:role/lambda-scraper-role",
                            "assume_role_policy": "{\"Statement\":[{\"Action\":\"sts:AssumeRole\",\"Effect\":\"Allow\",\"Principal\":{\"Service\":\"lambda.amazonaws.com\"}}],\"Version\":\"2012-10-17\"}",
                            "create_date": "2024-10-18T11:59:48Z",
                            "description": "Allows Lambda functions to call AWS services on your behalf.",
                            "id": "lambda-scraper-role",
                            "managed_policy_arns.#": "2",
                            "managed_policy_arns.0": "arn:aws:iam::aws:policy/AmazonS3FullAccess",
                            "managed_policy_arns.1": "arn:aws:iam::aws:policy/AmazonSQSFullAccess",
                            "max_session_duration": "3600",
                            "name": "lambda-scraper-role",
                            "name_prefix": "",
                            "path": "/",
                            "permissions_boundary": "",
                            "tags.%": "0",
                            "tags_all.%": "0",
                            "unique_id": "AROA5WLTTPMYZJQX76DHJ"
                        },
                        "meta": {
                            "schema_version": 0
                        },
                        "tainted": false
                    },
                    "deposed": [],
                    "provider": "provider.aws"
                },
                "aws_iam_role_policy.tfer--ApiRequestLambdaRole_Dynamo-002D-CreateEmptyAndTable": {
                    "type": "aws_iam_role_policy",
                    "depends_on": [],
                    "primary": {
                        "id": "ApiRequestLambdaRole:Dynamo-CreateEmptyAndTable",
                        "attributes": {
                            "id": "ApiRequestLambdaRole:Dynamo-CreateEmptyAndTable",
                            "name": "Dynamo-CreateEmptyAndTable",
                            "name_prefix": "",
                            "policy": "{\"Version\":\"2012-10-17\",\"Statement\":[{\"Action\":[\"dynamodb:CreateTable\",\"dynamodb:PutItem\",\"dynamodb:DescribeTable\",\"dynamodb:ListTables\",\"dynamodb:GetItem\",\"dynamodb:UpdateItem\"],\"Effect\":\"Allow\",\"Resource\":\"*\",\"Sid\":\"VisualEditor0\"}]}",
                            "role": "ApiRequestLambdaRole"
                        },
                        "meta": {
                            "schema_version": 0
                        },
                        "tainted": false
                    },
                    "deposed": [],
                    "provider": "provider.aws"
                },
                "aws_iam_role_policy.tfer--lambda-002D-InvokeFunction_DynamoAllTest": {
                    "type": "aws_iam_role_policy",
                    "depends_on": [],
                    "primary": {
                        "id": "lambda-InvokeFunction:DynamoAllTest",
                        "attributes": {
                            "id": "lambda-InvokeFunction:DynamoAllTest",
                            "name": "DynamoAllTest",
                            "name_prefix": "",
                            "policy": "{\"Version\":\"2012-10-17\",\"Statement\":[{\"Action\":[\"dynamodb:DescribeContributorInsights\",\"dynamodb:RestoreTableToPointInTime\",\"dynamodb:*\",\"dynamodb:UpdateGlobalTable\",\"dynamodb:DeleteTable\",\"dynamodb:UpdateTableReplicaAutoScaling\",\"dynamodb:DescribeTable\",\"dynamodb:PartiQLInsert\",\"dynamodb:GetItem\",\"dynamodb:DescribeContinuousBackups\",\"dynamodb:DescribeExport\",\"dynamodb:GetResourcePolicy\",\"dynamodb:EnableKinesisStreamingDestination\",\"dynamodb:BatchGetItem\",\"dynamodb:DisableKinesisStreamingDestination\",\"dynamodb:UpdateTimeToLive\",\"dynamodb:BatchWriteItem\",\"dynamodb:PutItem\",\"dynamodb:PartiQLUpdate\",\"dynamodb:Scan\",\"dynamodb:StartAwsBackupJob\",\"dynamodb:UpdateItem\",\"dynamodb:UpdateGlobalTableSettings\",\"dynamodb:CreateTable\",\"dynamodb:RestoreTableFromAwsBackup\",\"dynamodb:GetShardIterator\",\"dynamodb:DescribeReservedCapacity\",\"dynamodb:ExportTableToPointInTime\",\"dynamodb:DescribeEndpoints\",\"dynamodb:DescribeBackup\",\"dynamodb:UpdateTable\",\"dynamodb:GetRecords\",\"dynamodb:DescribeTableReplicaAutoScaling\",\"dynamodb:DescribeImport\",\"dynamodb:DeleteItem\",\"dynamodb:PurchaseReservedCapacityOfferings\",\"dynamodb:CreateTableReplica\",\"dynamodb:ListTagsOfResource\",\"dynamodb:UpdateContributorInsights\",\"dynamodb:CreateBackup\",\"dynamodb:GetAbacStatus\",\"dynamodb:UpdateContinuousBackups\",\"dynamodb:DescribeReservedCapacityOfferings\",\"dynamodb:PartiQLSelect\",\"dynamodb:UpdateGlobalTableVersion\",\"dynamodb:CreateGlobalTable\",\"dynamodb:DescribeKinesisStreamingDestination\",\"dynamodb:DescribeLimits\",\"dynamodb:ImportTable\",\"dynamodb:ConditionCheckItem\",\"dynamodb:Query\",\"dynamodb:DescribeStream\",\"dynamodb:DeleteTableReplica\",\"dynamodb:DescribeTimeToLive\",\"dynamodb:ListStreams\",\"dynamodb:DescribeGlobalTableSettings\",\"dynamodb:UpdateKinesisStreamingDestination\",\"dynamodb:DescribeGlobalTable\",\"dynamodb:DeleteBackup\",\"dynamodb:PartiQLDelete\"],\"Effect\":\"Allow\",\"Resource\":\"*\",\"Sid\":\"VisualEditor0\"}]}",
                            "role": "lambda-InvokeFunction"
                        },
                        "meta": {
                            "schema_version": 0
                        },
                        "tainted": false
                    },
                    "deposed": [],
                    "provider": "provider.aws"
                },
                "aws_iam_role_policy.tfer--lambda-002D-InvokeFunction_lambdaAll": {
                    "type": "aws_iam_role_policy",
                    "depends_on": [],
                    "primary": {
                        "id": "lambda-InvokeFunction:lambdaAll",
                        "attributes": {
                            "id": "lambda-InvokeFunction:lambdaAll",
                            "name": "lambdaAll",
                            "name_prefix": "",
                            "policy": "{\"Version\":\"2012-10-17\",\"Statement\":[{\"Action\":[\"lambda:TagResource\",\"lambda:DeleteProvisionedConcurrencyConfig\",\"lambda:GetFunctionConfiguration\",\"lambda:EnableReplication\",\"lambda:ListProvisionedConcurrencyConfigs\",\"lambda:DisableReplication\",\"lambda:GetProvisionedConcurrencyConfig\",\"lambda:ListLayers\",\"lambda:ListLayerVersions\",\"lambda:DeleteFunction\",\"lambda:GetAlias\",\"lambda:ListCodeSigningConfigs\",\"lambda:UpdateFunctionUrlConfig\",\"lambda:CreateFunctionUrlConfig\",\"lambda:UpdateFunctionEventInvokeConfig\",\"lambda:DeleteFunctionCodeSigningConfig\",\"lambda:InvokeFunctionUrl\",\"lambda:ListFunctions\",\"lambda:GetEventSourceMapping\",\"lambda:InvokeFunction\",\"lambda:GetFunctionRecursionConfig\",\"lambda:ListAliases\",\"lambda:GetFunctionUrlConfig\",\"lambda:AddLayerVersionPermission\",\"lambda:GetFunctionCodeSigningConfig\",\"lambda:UpdateAlias\",\"lambda:UpdateFunctionCode\",\"lambda:ListFunctionEventInvokeConfigs\",\"lambda:PutRuntimeManagementConfig\",\"lambda:ListFunctionsByCodeSigningConfig\",\"lambda:GetFunctionConcurrency\",\"lambda:PutProvisionedConcurrencyConfig\",\"lambda:ListEventSourceMappings\",\"lambda:PublishVersion\",\"lambda:DeleteEventSourceMapping\",\"lambda:CreateAlias\",\"lambda:ListVersionsByFunction\",\"lambda:GetLayerVersion\",\"lambda:PublishLayerVersion\",\"lambda:InvokeAsync\",\"lambda:GetAccountSettings\",\"lambda:CreateEventSourceMapping\",\"lambda:GetLayerVersionPolicy\",\"lambda:UntagResource\",\"lambda:RemoveLayerVersionPermission\",\"lambda:PutFunctionConcurrency\",\"lambda:DeleteCodeSigningConfig\",\"lambda:ListTags\",\"lambda:GetRuntimeManagementConfig\",\"lambda:DeleteLayerVersion\",\"lambda:PutFunctionEventInvokeConfig\",\"lambda:DeleteFunctionEventInvokeConfig\",\"lambda:CreateCodeSigningConfig\",\"lambda:PutFunctionCodeSigningConfig\",\"lambda:UpdateEventSourceMapping\",\"lambda:UpdateFunctionCodeSigningConfig\",\"lambda:GetFunction\",\"lambda:PutFunctionRecursionConfig\",\"lambda:UpdateFunctionConfiguration\",\"lambda:ListFunctionUrlConfigs\",\"lambda:UpdateCodeSigningConfig\",\"lambda:AddPermission\",\"lambda:GetFunctionEventInvokeConfig\",\"lambda:DeleteAlias\",\"lambda:DeleteFunctionConcurrency\",\"lambda:GetCodeSigningConfig\",\"lambda:DeleteFunctionUrlConfig\",\"lambda:RemovePermission\",\"lambda:GetPolicy\"],\"Effect\":\"Allow\",\"Resource\":\"*\",\"Sid\":\"VisualEditor0\"}]}",
                            "role": "lambda-InvokeFunction"
                        },
                        "meta": {
                            "schema_version": 0
                        },
                        "tainted": false
                    },
                    "deposed": [],
                    "provider": "provider.aws"
                },
                "aws_iam_role_policy_attachment.tfer--APIGatewaySQSInvokerRole_APIGatewayToSQSPolicy": {
                    "type": "aws_iam_role_policy_attachment",
                    "depends_on": [],
                    "primary": {
                        "id": "APIGatewaySQSInvokerRole/arn:aws:iam::941377157937:policy/APIGatewayToSQSPolicy",
                        "attributes": {
                            "id": "APIGatewaySQSInvokerRole/arn:aws:iam::941377157937:policy/APIGatewayToSQSPolicy",
                            "policy_arn": "arn:aws:iam::941377157937:policy/APIGatewayToSQSPolicy",
                            "role": "APIGatewaySQSInvokerRole"
                        },
                        "meta": {
                            "schema_version": 0
                        },
                        "tainted": false
                    },
                    "deposed": [],
                    "provider": "provider.aws"
                },
                "aws_iam_role_policy_attachment.tfer--APIGatewaySQSInvokerRole_AmazonAPIGatewayPushToCloudWatchLogs": {
                    "type": "aws_iam_role_policy_attachment",
                    "depends_on": [],
                    "primary": {
                        "id": "APIGatewaySQSInvokerRole/arn:aws:iam::aws:policy/service-role/AmazonAPIGatewayPushToCloudWatchLogs",
                        "attributes": {
                            "id": "APIGatewaySQSInvokerRole/arn:aws:iam::aws:policy/service-role/AmazonAPIGatewayPushToCloudWatchLogs",
                            "policy_arn": "arn:aws:iam::aws:policy/service-role/AmazonAPIGatewayPushToCloudWatchLogs",
                            "role": "APIGatewaySQSInvokerRole"
                        },
                        "meta": {
                            "schema_version": 0
                        },
                        "tainted": false
                    },
                    "deposed": [],
                    "provider": "provider.aws"
                },
                "aws_iam_role_policy_attachment.tfer--AWSServiceRoleForAPIGateway_APIGatewayServiceRolePolicy": {
                    "type": "aws_iam_role_policy_attachment",
                    "depends_on": [],
                    "primary": {
                        "id": "AWSServiceRoleForAPIGateway/arn:aws:iam::aws:policy/aws-service-role/APIGatewayServiceRolePolicy",
                        "attributes": {
                            "id": "AWSServiceRoleForAPIGateway/arn:aws:iam::aws:policy/aws-service-role/APIGatewayServiceRolePolicy",
                            "policy_arn": "arn:aws:iam::aws:policy/aws-service-role/APIGatewayServiceRolePolicy",
                            "role": "AWSServiceRoleForAPIGateway"
                        },
                        "meta": {
                            "schema_version": 0
                        },
                        "tainted": false
                    },
                    "deposed": [],
                    "provider": "provider.aws"
                },
                "aws_iam_role_policy_attachment.tfer--AWSServiceRoleForApplicationAutoScaling_DynamoDBTable_AWSApplicationAutoscalingDynamoDBTablePolicy": {
                    "type": "aws_iam_role_policy_attachment",
                    "depends_on": [],
                    "primary": {
                        "id": "AWSServiceRoleForApplicationAutoScaling_DynamoDBTable/arn:aws:iam::aws:policy/aws-service-role/AWSApplicationAutoscalingDynamoDBTablePolicy",
                        "attributes": {
                            "id": "AWSServiceRoleForApplicationAutoScaling_DynamoDBTable/arn:aws:iam::aws:policy/aws-service-role/AWSApplicationAutoscalingDynamoDBTablePolicy",
                            "policy_arn": "arn:aws:iam::aws:policy/aws-service-role/AWSApplicationAutoscalingDynamoDBTablePolicy",
                            "role": "AWSServiceRoleForApplicationAutoScaling_DynamoDBTable"
                        },
                        "meta": {
                            "schema_version": 0
                        },
                        "tainted": false
                    },
                    "deposed": [],
                    "provider": "provider.aws"
                },
                "aws_iam_role_policy_attachment.tfer--AWSServiceRoleForSupport_AWSSupportServiceRolePolicy": {
                    "type": "aws_iam_role_policy_attachment",
                    "depends_on": [],
                    "primary": {
                        "id": "AWSServiceRoleForSupport/arn:aws:iam::aws:policy/aws-service-role/AWSSupportServiceRolePolicy",
                        "attributes": {
                            "id": "AWSServiceRoleForSupport/arn:aws:iam::aws:policy/aws-service-role/AWSSupportServiceRolePolicy",
                            "policy_arn": "arn:aws:iam::aws:policy/aws-service-role/AWSSupportServiceRolePolicy",
                            "role": "AWSServiceRoleForSupport"
                        },
                        "meta": {
                            "schema_version": 0
                        },
                        "tainted": false
                    },
                    "deposed": [],
                    "provider": "provider.aws"
                },
                "aws_iam_role_policy_attachment.tfer--AWSServiceRoleForTrustedAdvisor_AWSTrustedAdvisorServiceRolePolicy": {
                    "type": "aws_iam_role_policy_attachment",
                    "depends_on": [],
                    "primary": {
                        "id": "AWSServiceRoleForTrustedAdvisor/arn:aws:iam::aws:policy/aws-service-role/AWSTrustedAdvisorServiceRolePolicy",
                        "attributes": {
                            "id": "AWSServiceRoleForTrustedAdvisor/arn:aws:iam::aws:policy/aws-service-role/AWSTrustedAdvisorServiceRolePolicy",
                            "policy_arn": "arn:aws:iam::aws:policy/aws-service-role/AWSTrustedAdvisorServiceRolePolicy",
                            "role": "AWSServiceRoleForTrustedAdvisor"
                        },
                        "meta": {
                            "schema_version": 0
                        },
                        "tainted": false
                    },
                    "deposed": [],
                    "provider": "provider.aws"
                },
                "aws_iam_role_policy_attachment.tfer--ApiRequestLambdaRole_InvokeFunction": {
                    "type": "aws_iam_role_policy_attachment",
                    "depends_on": [],
                    "primary": {
                        "id": "ApiRequestLambdaRole/arn:aws:iam::941377157937:policy/InvokeFunction",
                        "attributes": {
                            "id": "ApiRequestLambdaRole/arn:aws:iam::941377157937:policy/InvokeFunction",
                            "policy_arn": "arn:aws:iam::941377157937:policy/InvokeFunction",
                            "role": "ApiRequestLambdaRole"
                        },
                        "meta": {
                            "schema_version": 0
                        },
                        "tainted": false
                    },
                    "deposed": [],
                    "provider": "provider.aws"
                },
                "aws_iam_role_policy_attachment.tfer--LambdaScraperAnalysisRole_DynamoUpdateItem": {
                    "type": "aws_iam_role_policy_attachment",
                    "depends_on": [],
                    "primary": {
                        "id": "LambdaScraperAnalysisRole/arn:aws:iam::941377157937:policy/DynamoUpdateItem",
                        "attributes": {
                            "id": "LambdaScraperAnalysisRole/arn:aws:iam::941377157937:policy/DynamoUpdateItem",
                            "policy_arn": "arn:aws:iam::941377157937:policy/DynamoUpdateItem",
                            "role": "LambdaScraperAnalysisRole"
                        },
                        "meta": {
                            "schema_version": 0
                        },
                        "tainted": false
                    },
                    "deposed": [],
                    "provider": "provider.aws"
                },
                "aws_iam_role_policy_attachment.tfer--LambdaScraperAnalysisRole_S3ListAndGet": {
                    "type": "aws_iam_role_policy_attachment",
                    "depends_on": [],
                    "primary": {
                        "id": "LambdaScraperAnalysisRole/arn:aws:iam::941377157937:policy/S3ListAndGet",
                        "attributes": {
                            "id": "LambdaScraperAnalysisRole/arn:aws:iam::941377157937:policy/S3ListAndGet",
                            "policy_arn": "arn:aws:iam::941377157937:policy/S3ListAndGet",
                            "role": "LambdaScraperAnalysisRole"
                        },
                        "meta": {
                            "schema_version": 0
                        },
                        "tainted": false
                    },
                    "deposed": [],
                    "provider": "provider.aws"
                },
                "aws_iam_role_policy_attachment.tfer--LambdaScraperAnalysisRole_SQSReceiveAndDelete": {
                    "type": "aws_iam_role_policy_attachment",
                    "depends_on": [],
                    "primary": {
                        "id": "LambdaScraperAnalysisRole/arn:aws:iam::941377157937:policy/SQSReceiveAndDelete",
                        "attributes": {
                            "id": "LambdaScraperAnalysisRole/arn:aws:iam::941377157937:policy/SQSReceiveAndDelete",
                            "policy_arn": "arn:aws:iam::941377157937:policy/SQSReceiveAndDelete",
                            "role": "LambdaScraperAnalysisRole"
                        },
                        "meta": {
                            "schema_version": 0
                        },
                        "tainted": false
                    },
                    "deposed": [],
                    "provider": "provider.aws"
                },
                "aws_iam_role_policy_attachment.tfer--LambdaScraperRole_DynamoUpdateItem": {
                    "type": "aws_iam_role_policy_attachment",
                    "depends_on": [],
                    "primary": {
                        "id": "LambdaScraperRole/arn:aws:iam::941377157937:policy/DynamoUpdateItem",
                        "attributes": {
                            "id": "LambdaScraperRole/arn:aws:iam::941377157937:policy/DynamoUpdateItem",
                            "policy_arn": "arn:aws:iam::941377157937:policy/DynamoUpdateItem",
                            "role": "LambdaScraperRole"
                        },
                        "meta": {
                            "schema_version": 0
                        },
                        "tainted": false
                    },
                    "deposed": [],
                    "provider": "provider.aws"
                },
                "aws_iam_role_policy_attachment.tfer--LambdaScraperRole_S3Put": {
                    "type": "aws_iam_role_policy_attachment",
                    "depends_on": [],
                    "primary": {
                        "id": "LambdaScraperRole/arn:aws:iam::941377157937:policy/S3Put",
                        "attributes": {
                            "id": "LambdaScraperRole/arn:aws:iam::941377157937:policy/S3Put",
                            "policy_arn": "arn:aws:iam::941377157937:policy/S3Put",
                            "role": "LambdaScraperRole"
                        },
                        "meta": {
                            "schema_version": 0
                        },
                        "tainted": false
                    },
                    "deposed": [],
                    "provider": "provider.aws"
                },
                "aws_iam_role_policy_attachment.tfer--LambdaScraperRole_SQSSendMessage": {
                    "type": "aws_iam_role_policy_attachment",
                    "depends_on": [],
                    "primary": {
                        "id": "LambdaScraperRole/arn:aws:iam::941377157937:policy/SQSSendMessage",
                        "attributes": {
                            "id": "LambdaScraperRole/arn:aws:iam::941377157937:policy/SQSSendMessage",
                            "policy_arn": "arn:aws:iam::941377157937:policy/SQSSendMessage",
                            "role": "LambdaScraperRole"
                        },
                        "meta": {
                            "schema_version": 0
                        },
                        "tainted": false
                    },
                    "deposed": [],
                    "provider": "provider.aws"
                },
                "aws_iam_role_policy_attachment.tfer--analysis-002D-lambda-002D-role_analysis-002D-lambda-002D-policy": {
                    "type": "aws_iam_role_policy_attachment",
                    "depends_on": [],
                    "primary": {
                        "id": "analysis-lambda-role/arn:aws:iam::941377157937:policy/analysis-lambda-policy",
                        "attributes": {
                            "id": "analysis-lambda-role/arn:aws:iam::941377157937:policy/analysis-lambda-policy",
                            "policy_arn": "arn:aws:iam::941377157937:policy/analysis-lambda-policy",
                            "role": "analysis-lambda-role"
                        },
                        "meta": {
                            "schema_version": 0
                        },
                        "tainted": false
                    },
                    "deposed": [],
                    "provider": "provider.aws"
                },
                "aws_iam_role_policy_attachment.tfer--lambda-002D-s3-002D-sqs-002D-dynamodb-002D-role_lambda-002D-s3-002D-sqs-002D-dynamodb-002D-role": {
                    "type": "aws_iam_role_policy_attachment",
                    "depends_on": [],
                    "primary": {
                        "id": "lambda-s3-sqs-dynamodb-role/arn:aws:iam::941377157937:policy/lambda-s3-sqs-dynamodb-role",
                        "attributes": {
                            "id": "lambda-s3-sqs-dynamodb-role/arn:aws:iam::941377157937:policy/lambda-s3-sqs-dynamodb-role",
                            "policy_arn": "arn:aws:iam::941377157937:policy/lambda-s3-sqs-dynamodb-role",
                            "role": "lambda-s3-sqs-dynamodb-role"
                        },
                        "meta": {
                            "schema_version": 0
                        },
                        "tainted": false
                    },
                    "deposed": [],
                    "provider": "provider.aws"
                },
                "aws_iam_role_policy_attachment.tfer--lambda-002D-scraper-002D-role_AmazonS3FullAccess": {
                    "type": "aws_iam_role_policy_attachment",
                    "depends_on": [],
                    "primary": {
                        "id": "lambda-scraper-role/arn:aws:iam::aws:policy/AmazonS3FullAccess",
                        "attributes": {
                            "id": "lambda-scraper-role/arn:aws:iam::aws:policy/AmazonS3FullAccess",
                            "policy_arn": "arn:aws:iam::aws:policy/AmazonS3FullAccess",
                            "role": "lambda-scraper-role"
                        },
                        "meta": {
                            "schema_version": 0
                        },
                        "tainted": false
                    },
                    "deposed": [],
                    "provider": "provider.aws"
                },
                "aws_iam_role_policy_attachment.tfer--lambda-002D-scraper-002D-role_AmazonSQSFullAccess": {
                    "type": "aws_iam_role_policy_attachment",
                    "depends_on": [],
                    "primary": {
                        "id": "lambda-scraper-role/arn:aws:iam::aws:policy/AmazonSQSFullAccess",
                        "attributes": {
                            "id": "lambda-scraper-role/arn:aws:iam::aws:policy/AmazonSQSFullAccess",
                            "policy_arn": "arn:aws:iam::aws:policy/AmazonSQSFullAccess",
                            "role": "lambda-scraper-role"
                        },
                        "meta": {
                            "schema_version": 0
                        },
                        "tainted": false
                    },
                    "deposed": [],
                    "provider": "provider.aws"
                }
            },
            "depends_on": []
        }
    ]
}
